
Microsoft Visual Studio Solution File, Format Version 12.00
# Visual Studio Version 17
VisualStudioVersion = 17.9.34616.47
MinimumVisualStudioVersion = 10.0.40219.1
Project("{FAE04EC0-301F-11D3-BF4B-00C04F79EFBC}") = "WpfApp1", "WpfApp1\WpfApp1.csproj", "{32EB5310-E65D-4E97-866B-29251C42A432}"
EndProject
Global
	GlobalSection(SolutionConfigurationPlatforms) = preSolution
		Debug|Any CPU = Debug|Any CPU
		Release|Any CPU = Release|Any CPU
	EndGlobalSection
	GlobalSection(ProjectConfigurationPlatforms) = postSolution
		{32EB5310-E65D-4E97-866B-29251C42A432}.Debug|Any CPU.ActiveCfg = Debug|Any CPU
		{32EB5310-E65D-4E97-866B-29251C42A432}.Debug|Any CPU.Build.0 = Debug|Any CPU
		{32EB5310-E65D-4E97-866B-29251C42A432}.Release|Any CPU.ActiveCfg = Release|Any CPU
		{32EB5310-E65D-4E97-866B-29251C42A432}.Release|Any CPU.Build.0 = Release|Any CPU
	EndGlobalSection
	GlobalSection(SolutionProperties) = preSolution
		HideSolutionNode = FALSE
	EndGlobalSection
	GlobalSection(ExtensibilityGlobals) = postSolution
		SolutionGuid = {883B3993-7472-46BD-9E24-441F3653B1F7}
	EndGlobalSection
EndGlobal
